// !$*UTF8*$!
{
	archiveVersion = 1;
	classes = {
	};
	objectVersion = 77;
	objects = {

/* Begin PBXContainerItemProxy section */
		167D9AE32D377A3000F8C882 /* PBXContainerItemProxy */ = {
			isa = PBXContainerItemProxy;
			containerPortal = 167D9ACA2D377A2C00F8C882 /* Project object */;
			proxyType = 1;
			remoteGlobalIDString = 167D9AD12D377A2C00F8C882;
			remoteInfo = PFCTracker;
		};
		167D9AED2D377A3000F8C882 /* PBXContainerItemProxy */ = {
			isa = PBXContainerItemProxy;
			containerPortal = 167D9ACA2D377A2C00F8C882 /* Project object */;
			proxyType = 1;
			remoteGlobalIDString = 167D9AD12D377A2C00F8C882;
			remoteInfo = PFCTracker;
		};
/* End PBXContainerItemProxy section */

/* Begin PBXFileReference section */
		167D9AD22D377A2C00F8C882 /* PFCTracker.app */ = {isa = PBXFileReference; explicitFileType = wrapper.application; includeInIndex = 0; path = PFCTracker.app; sourceTree = BUILT_PRODUCTS_DIR; };
		167D9AE22D377A3000F8C882 /* PFCTrackerTests.xctest */ = {isa = PBXFileReference; explicitFileType = wrapper.cfbundle; includeInIndex = 0; path = PFCTrackerTests.xctest; sourceTree = BUILT_PRODUCTS_DIR; };
		167D9AEC2D377A3000F8C882 /* PFCTrackerUITests.xctest */ = {isa = PBXFileReference; explicitFileType = wrapper.cfbundle; includeInIndex = 0; path = PFCTrackerUITests.xctest; sourceTree = BUILT_PRODUCTS_DIR; };
/* End PBXFileReference section */

/* Begin PBXFileSystemSynchronizedRootGroup section */
		167D9AD42D377A2C00F8C882 /* PFCTracker */ = {
			isa = PBXFileSystemSynchronizedRootGroup;
			path = PFCTracker;
			sourceTree = "<group>";
		};
		167D9AE52D377A3000F8C882 /* PFCTrackerTests */ = {
			isa = PBXFileSystemSynchronizedRootGroup;
			path = PFCTrackerTests;
			sourceTree = "<group>";
		};
		167D9AEF2D377A3000F8C882 /* PFCTrackerUITests */ = {
			isa = PBXFileSystemSynchronizedRootGroup;
			path = PFCTrackerUITests;
			sourceTree = "<group>";
		};
/* End PBXFileSystemSynchronizedRootGroup section */

/* Begin PBXFrameworksBuildPhase section */
		167D9ACF2D377A2C00F8C882 /* Frameworks */ = {
			isa = PBXFrameworksBuildPhase;
			buildActionMask = 2147483647;
			files = (
			);
			runOnlyForDeploymentPostprocessing = 0;
		};
		167D9ADF2D377A3000F8C882 /* Frameworks */ = {
			isa = PBXFrameworksBuildPhase;
			buildActionMask = 2147483647;
			files = (
			);
			runOnlyForDeploymentPostprocessing = 0;
		};
		167D9AE92D377A3000F8C882 /* Frameworks */ = {
			isa = PBXFrameworksBuildPhase;
			buildActionMask = 2147483647;
			files = (
			);
			runOnlyForDeploymentPostprocessing = 0;
		};
/* End PBXFrameworksBuildPhase section */

/* Begin PBXGroup section */
		167D9AC92D377A2C00F8C882 = {
			isa = PBXGroup;
			children = (
				167D9AD42D377A2C00F8C882 /* PFCTracker */,
				167D9AE52D377A3000F8C882 /* PFCTrackerTests */,
				167D9AEF2D377A3000F8C882 /* PFCTrackerUITests */,
				167D9AD32D377A2C00F8C882 /* Products */,
			);
			sourceTree = "<group>";
		};
		167D9AD32D377A2C00F8C882 /* Products */ = {
			isa = PBXGroup;
			children = (
				167D9AD22D377A2C00F8C882 /* PFCTracker.app */,
				167D9AE22D377A3000F8C882 /* PFCTrackerTests.xctest */,
				167D9AEC2D377A3000F8C882 /* PFCTrackerUITests.xctest */,
			);
			name = Products;
			sourceTree = "<group>";
		};
/* End PBXGroup section */

/* Begin PBXNativeTarget section */
		167D9AD12D377A2C00F8C882 /* PFCTracker */ = {
			isa = PBXNativeTarget;
			buildConfigurationList = 167D9AF62D377A3000F8C882 /* Build configuration list for PBXNativeTarget "PFCTracker" */;
			buildPhases = (
				167D9ACE2D377A2C00F8C882 /* Sources */,
				167D9ACF2D377A2C00F8C882 /* Frameworks */,
				167D9AD02D377A2C00F8C882 /* Resources */,
			);
			buildRules = (
			);
			dependencies = (
			);
			fileSystemSynchronizedGroups = (
				167D9AD42D377A2C00F8C882 /* PFCTracker */,
			);
			name = PFCTracker;
			packageProductDependencies = (
			);
			productName = PFCTracker;
			productReference = 167D9AD22D377A2C00F8C882 /* PFCTracker.app */;
			productType = "com.apple.product-type.application";
		};
		167D9AE12D377A3000F8C882 /* PFCTrackerTests */ = {
			isa = PBXNativeTarget;
			buildConfigurationList = 167D9AF92D377A3000F8C882 /* Build configuration list for PBXNativeTarget "PFCTrackerTests" */;
			buildPhases = (
				167D9ADE2D377A3000F8C882 /* Sources */,
				167D9ADF2D377A3000F8C882 /* Frameworks */,
				167D9AE02D377A3000F8C882 /* Resources */,
			);
			buildRules = (
			);
			dependencies = (
				167D9AE42D377A3000F8C882 /* PBXTargetDependency */,
			);
			fileSystemSynchronizedGroups = (
				167D9AE52D377A3000F8C882 /* PFCTrackerTests */,
			);
			name = PFCTrackerTests;
			packageProductDependencies = (
			);
			productName = PFCTrackerTests;
			productReference = 167D9AE22D377A3000F8C882 /* PFCTrackerTests.xctest */;
			productType = "com.apple.product-type.bundle.unit-test";
		};
		167D9AEB2D377A3000F8C882 /* PFCTrackerUITests */ = {
			isa = PBXNativeTarget;
			buildConfigurationList = 167D9AFC2D377A3000F8C882 /* Build configuration list for PBXNativeTarget "PFCTrackerUITests" */;
			buildPhases = (
				167D9AE82D377A3000F8C882 /* Sources */,
				167D9AE92D377A3000F8C882 /* Frameworks */,
				167D9AEA2D377A3000F8C882 /* Resources */,
			);
			buildRules = (
			);
			dependencies = (
				167D9AEE2D377A3000F8C882 /* PBXTargetDependency */,
			);
			fileSystemSynchronizedGroups = (
				167D9AEF2D377A3000F8C882 /* PFCTrackerUITests */,
			);
			name = PFCTrackerUITests;
			packageProductDependencies = (
			);
			productName = PFCTrackerUITests;
			productReference = 167D9AEC2D377A3000F8C882 /* PFCTrackerUITests.xctest */;
			productType = "com.apple.product-type.bundle.ui-testing";
		};
/* End PBXNativeTarget section */

/* Begin PBXProject section */
		167D9ACA2D377A2C00F8C882 /* Project object */ = {
			isa = PBXProject;
			attributes = {
				BuildIndependentTargetsInParallel = 1;
				LastSwiftUpdateCheck = 1610;
				LastUpgradeCheck = 1610;
				TargetAttributes = {
					167D9AD12D377A2C00F8C882 = {
						CreatedOnToolsVersion = 16.1;
					};
					167D9AE12D377A3000F8C882 = {
						CreatedOnToolsVersion = 16.1;
						TestTargetID = 167D9AD12D377A2C00F8C882;
					};
					167D9AEB2D377A3000F8C882 = {
						CreatedOnToolsVersion = 16.1;
						TestTargetID = 167D9AD12D377A2C00F8C882;
					};
				};
			};
			buildConfigurationList = 167D9ACD2D377A2C00F8C882 /* Build configuration list for PBXProject "PFCTracker" */;
			developmentRegion = en;
			hasScannedForEncodings = 0;
			knownRegions = (
				en,
				Base,
			);
			mainGroup = 167D9AC92D377A2C00F8C882;
			minimizedProjectReferenceProxies = 1;
			preferredProjectObjectVersion = 77;
			productRefGroup = 167D9AD32D377A2C00F8C882 /* Products */;
			projectDirPath = "";
			projectRoot = "";
			targets = (
				167D9AD12D377A2C00F8C882 /* PFCTracker */,
				167D9AE12D377A3000F8C882 /* PFCTrackerTests */,
				167D9AEB2D377A3000F8C882 /* PFCTrackerUITests */,
			);
		};
/* End PBXProject section */

/* Begin PBXResourcesBuildPhase section */
		167D9AD02D377A2C00F8C882 /* Resources */ = {
			isa = PBXResourcesBuildPhase;
			buildActionMask = 2147483647;
			files = (
			);
			runOnlyForDeploymentPostprocessing = 0;
		};
		167D9AE02D377A3000F8C882 /* Resources */ = {
			isa = PBXResourcesBuildPhase;
			buildActionMask = 2147483647;
			files = (
			);
			runOnlyForDeploymentPostprocessing = 0;
		};
		167D9AEA2D377A3000F8C882 /* Resources */ = {
			isa = PBXResourcesBuildPhase;
			buildActionMask = 2147483647;
			files = (
			);
			runOnlyForDeploymentPostprocessing = 0;
		};
/* End PBXResourcesBuildPhase section */

/* Begin PBXSourcesBuildPhase section */
		167D9ACE2D377A2C00F8C882 /* Sources */ = {
			isa = PBXSourcesBuildPhase;
			buildActionMask = 2147483647;
			files = (
			);
			runOnlyForDeploymentPostprocessing = 0;
		};
		167D9ADE2D377A3000F8C882 /* Sources */ = {
			isa = PBXSourcesBuildPhase;
			buildActionMask = 2147483647;
			files = (
			);
			runOnlyForDeploymentPostprocessing = 0;
		};
		167D9AE82D377A3000F8C882 /* Sources */ = {
			isa = PBXSourcesBuildPhase;
			buildActionMask = 2147483647;
			files = (
			);
			runOnlyForDeploymentPostprocessing = 0;
		};
/* End PBXSourcesBuildPhase section */

/* Begin PBXTargetDependency section */
		167D9AE42D377A3000F8C882 /* PBXTargetDependency */ = {
			isa = PBXTargetDependency;
			target = 167D9AD12D377A2C00F8C882 /* PFCTracker */;
			targetProxy = 167D9AE32D377A3000F8C882 /* PBXContainerItemProxy */;
		};
		167D9AEE2D377A3000F8C882 /* PBXTargetDependency */ = {
			isa = PBXTargetDependency;
			target = 167D9AD12D377A2C00F8C882 /* PFCTracker */;
			targetProxy = 167D9AED2D377A3000F8C882 /* PBXContainerItemProxy */;
		};
/* End PBXTargetDependency section */

/* Begin XCBuildConfiguration section */
		167D9AF42D377A3000F8C882 /* Debug */ = {
			isa = XCBuildConfiguration;
			buildSettings = {
				ALWAYS_SEARCH_USER_PATHS = NO;
				ASSETCATALOG_COMPILER_GENERATE_SWIFT_ASSET_SYMBOL_EXTENSIONS = YES;
				CLANG_ANALYZER_NONNULL = YES;
				CLANG_ANALYZER_NUMBER_OBJECT_CONVERSION = YES_AGGRESSIVE;
				CLANG_CXX_LANGUAGE_STANDARD = "gnu++20";
				CLANG_ENABLE_MODULES = YES;
				CLANG_ENABLE_OBJC_ARC = YES;
				CLANG_ENABLE_OBJC_WEAK = YES;
				CLANG_WARN_BLOCK_CAPTURE_AUTORELEASING = YES;
				CLANG_WARN_BOOL_CONVERSION = YES;
				CLANG_WARN_COMMA = YES;
				CLANG_WARN_CONSTANT_CONVERSION = YES;
				CLANG_WARN_DEPRECATED_OBJC_IMPLEMENTATIONS = YES;
				CLANG_WARN_DIRECT_OBJC_ISA_USAGE = YES_ERROR;
				CLANG_WARN_DOCUMENTATION_COMMENTS = YES;
				CLANG_WARN_EMPTY_BODY = YES;
				CLANG_WARN_ENUM_CONVERSION = YES;
				CLANG_WARN_INFINITE_RECURSION = YES;
				CLANG_WARN_INT_CONVERSION = YES;
				CLANG_WARN_NON_LITERAL_NULL_CONVERSION = YES;
				CLANG_WARN_OBJC_IMPLICIT_RETAIN_SELF = YES;
				CLANG_WARN_OBJC_LITERAL_CONVERSION = YES;
				CLANG_WARN_OBJC_ROOT_CLASS = YES_ERROR;
				CLANG_WARN_QUOTED_INCLUDE_IN_FRAMEWORK_HEADER = YES;
				CLANG_WARN_RANGE_LOOP_ANALYSIS = YES;
				CLANG_WARN_STRICT_PROTOTYPES = YES;
				CLANG_WARN_SUSPICIOUS_MOVE = YES;
				CLANG_WARN_UNGUARDED_AVAILABILITY = YES_AGGRESSIVE;
				CLANG_WARN_UNREACHABLE_CODE = YES;
				CLANG_WARN__DUPLICATE_METHOD_MATCH = YES;
				COPY_PHASE_STRIP = NO;
				DEBUG_INFORMATION_FORMAT = dwarf;
				ENABLE_STRICT_OBJC_MSGSEND = YES;
				ENABLE_TESTABILITY = YES;
				ENABLE_USER_SCRIPT_SANDBOXING = YES;
				GCC_C_LANGUAGE_STANDARD = gnu17;
				GCC_DYNAMIC_NO_PIC = NO;
				GCC_NO_COMMON_BLOCKS = YES;
				GCC_OPTIMIZATION_LEVEL = 0;
				GCC_PREPROCESSOR_DEFINITIONS = (
					"DEBUG=1",
					"$(inherited)",
				);
				GCC_WARN_64_TO_32_BIT_CONVERSION = YES;
				GCC_WARN_ABOUT_RETURN_TYPE = YES_ERROR;
				GCC_WARN_UNDECLARED_SELECTOR = YES;
				GCC_WARN_UNINITIALIZED_AUTOS = YES_AGGRESSIVE;
				GCC_WARN_UNUSED_FUNCTION = YES;
				GCC_WARN_UNUSED_VARIABLE = YES;
				IPHONEOS_DEPLOYMENT_TARGET = 18.1;
				LOCALIZATION_PREFERS_STRING_CATALOGS = YES;
				MTL_ENABLE_DEBUG_INFO = INCLUDE_SOURCE;
				MTL_FAST_MATH = YES;
				ONLY_ACTIVE_ARCH = YES;
				SDKROOT = iphoneos;
				SWIFT_ACTIVE_COMPILATION_CONDITIONS = "DEBUG $(inherited)";
				SWIFT_OPTIMIZATION_LEVEL = "-Onone";
			};
			name = Debug;
		};
		167D9AF52D377A3000F8C882 /* Release */ = {
			isa = XCBuildConfiguration;
			buildSettings = {
				ALWAYS_SEARCH_USER_PATHS = NO;
				ASSETCATALOG_COMPILER_GENERATE_SWIFT_ASSET_SYMBOL_EXTENSIONS = YES;
				CLANG_ANALYZER_NONNULL = YES;
				CLANG_ANALYZER_NUMBER_OBJECT_CONVERSION = YES_AGGRESSIVE;
				CLANG_CXX_LANGUAGE_STANDARD = "gnu++20";
				CLANG_ENABLE_MODULES = YES;
				CLANG_ENABLE_OBJC_ARC = YES;
				CLANG_ENABLE_OBJC_WEAK = YES;
				CLANG_WARN_BLOCK_CAPTURE_AUTORELEASING = YES;
				CLANG_WARN_BOOL_CONVERSION = YES;
				CLANG_WARN_COMMA = YES;
				CLANG_WARN_CONSTANT_CONVERSION = YES;
				CLANG_WARN_DEPRECATED_OBJC_IMPLEMENTATIONS = YES;
				CLANG_WARN_DIRECT_OBJC_ISA_USAGE = YES_ERROR;
				CLANG_WARN_DOCUMENTATION_COMMENTS = YES;
				CLANG_WARN_EMPTY_BODY = YES;
				CLANG_WARN_ENUM_CONVERSION = YES;
				CLANG_WARN_INFINITE_RECURSION = YES;
				CLANG_WARN_INT_CONVERSION = YES;
				CLANG_WARN_NON_LITERAL_NULL_CONVERSION = YES;
				CLANG_WARN_OBJC_IMPLICIT_RETAIN_SELF = YES;
				CLANG_WARN_OBJC_LITERAL_CONVERSION = YES;
				CLANG_WARN_OBJC_ROOT_CLASS = YES_ERROR;
				CLANG_WARN_QUOTED_INCLUDE_IN_FRAMEWORK_HEADER = YES;
				CLANG_WARN_RANGE_LOOP_ANALYSIS = YES;
				CLANG_WARN_STRICT_PROTOTYPES = YES;
				CLANG_WARN_SUSPICIOUS_MOVE = YES;
				CLANG_WARN_UNGUARDED_AVAILABILITY = YES_AGGRESSIVE;
				CLANG_WARN_UNREACHABLE_CODE = YES;
				CLANG_WARN__DUPLICATE_METHOD_MATCH = YES;
				COPY_PHASE_STRIP = NO;
				DEBUG_INFORMATION_FORMAT = "dwarf-with-dsym";
				ENABLE_NS_ASSERTIONS = NO;
				ENABLE_STRICT_OBJC_MSGSEND = YES;
				ENABLE_USER_SCRIPT_SANDBOXING = YES;
				GCC_C_LANGUAGE_STANDARD = gnu17;
				GCC_NO_COMMON_BLOCKS = YES;
				GCC_WARN_64_TO_32_BIT_CONVERSION = YES;
				GCC_WARN_ABOUT_RETURN_TYPE = YES_ERROR;
				GCC_WARN_UNDECLARED_SELECTOR = YES;
				GCC_WARN_UNINITIALIZED_AUTOS = YES_AGGRESSIVE;
				GCC_WARN_UNUSED_FUNCTION = YES;
				GCC_WARN_UNUSED_VARIABLE = YES;
				IPHONEOS_DEPLOYMENT_TARGET = 18.1;
				LOCALIZATION_PREFERS_STRING_CATALOGS = YES;
				MTL_ENABLE_DEBUG_INFO = NO;
				MTL_FAST_MATH = YES;
				SDKROOT = iphoneos;
				SWIFT_COMPILATION_MODE = wholemodule;
				VALIDATE_PRODUCT = YES;
			};
			name = Release;
		};
		167D9AF72D377A3000F8C882 /* Debug */ = {
			isa = XCBuildConfiguration;
			buildSettings = {
				ASSETCATALOG_COMPILER_APPICON_NAME = AppIcon;
				ASSETCATALOG_COMPILER_GLOBAL_ACCENT_COLOR_NAME = AccentColor;
				CODE_SIGN_STYLE = Automatic;
				CURRENT_PROJECT_VERSION = 1;
				DEVELOPMENT_ASSET_PATHS = "\"PFCTracker/Preview Content\"";
				DEVELOPMENT_TEAM = 55WCKK3Y95;
				ENABLE_PREVIEWS = YES;
				GENERATE_INFOPLIST_FILE = YES;
				INFOPLIST_KEY_UIApplicationSceneManifest_Generation = YES;
				INFOPLIST_KEY_UIApplicationSupportsIndirectInputEvents = YES;
				INFOPLIST_KEY_UILaunchScreen_Generation = YES;
				INFOPLIST_KEY_UISupportedInterfaceOrientations_iPad = "UIInterfaceOrientationPortrait UIInterfaceOrientationPortraitUpsideDown UIInterfaceOrientationLandscapeLeft UIInterfaceOrientationLandscapeRight";
				INFOPLIST_KEY_UISupportedInterfaceOrientations_iPhone = "UIInterfaceOrientationPortrait UIInterfaceOrientationLandscapeLeft UIInterfaceOrientationLandscapeRight";
				LD_RUNPATH_SEARCH_PATHS = (
					"$(inherited)",
					"@executable_path/Frameworks",
				);
				MARKETING_VERSION = 1.0;
				PRODUCT_BUNDLE_IDENTIFIER = ShionNakamura.PFCTracker;
				PRODUCT_NAME = "$(TARGET_NAME)";
				SWIFT_EMIT_LOC_STRINGS = YES;
				SWIFT_VERSION = 5.0;
				TARGETED_DEVICE_FAMILY = "1,2";
			};
			name = Debug;
		};
		167D9AF82D377A3000F8C882 /* Release */ = {
			isa = XCBuildConfiguration;
			buildSettings = {
				ASSETCATALOG_COMPILER_APPICON_NAME = AppIcon;
				ASSETCATALOG_COMPILER_GLOBAL_ACCENT_COLOR_NAME = AccentColor;
				CODE_SIGN_STYLE = Automatic;
				CURRENT_PROJECT_VERSION = 1;
				DEVELOPMENT_ASSET_PATHS = "\"PFCTracker/Preview Content\"";
				DEVELOPMENT_TEAM = 55WCKK3Y95;
				ENABLE_PREVIEWS = YES;
				GENERATE_INFOPLIST_FILE = YES;
				INFOPLIST_KEY_UIApplicationSceneManifest_Generation = YES;
				INFOPLIST_KEY_UIApplicationSupportsIndirectInputEvents = YES;
				INFOPLIST_KEY_UILaunchScreen_Generation = YES;
				INFOPLIST_KEY_UISupportedInterfaceOrientations_iPad = "UIInterfaceOrientationPortrait UIInterfaceOrientationPortraitUpsideDown UIInterfaceOrientationLandscapeLeft UIInterfaceOrientationLandscapeRight";
				INFOPLIST_KEY_UISupportedInterfaceOrientations_iPhone = "UIInterfaceOrientationPortrait UIInterfaceOrientationLandscapeLeft UIInterfaceOrientationLandscapeRight";
				LD_RUNPATH_SEARCH_PATHS = (
					"$(inherited)",
					"@executable_path/Frameworks",
				);
				MARKETING_VERSION = 1.0;
				PRODUCT_BUNDLE_IDENTIFIER = ShionNakamura.PFCTracker;
				PRODUCT_NAME = "$(TARGET_NAME)";
				SWIFT_EMIT_LOC_STRINGS = YES;
				SWIFT_VERSION = 5.0;
				TARGETED_DEVICE_FAMILY = "1,2";
			};
			name = Release;
		};
		167D9AFA2D377A3000F8C882 /* Debug */ = {
			isa = XCBuildConfiguration;
			buildSettings = {
				BUNDLE_LOADER = "$(TEST_HOST)";
				CODE_SIGN_STYLE = Automatic;
				CURRENT_PROJECT_VERSION = 1;
				DEVELOPMENT_TEAM = 55WCKK3Y95;
				GENERATE_INFOPLIST_FILE = YES;
				IPHONEOS_DEPLOYMENT_TARGET = 18.1;
				MARKETING_VERSION = 1.0;
				PRODUCT_BUNDLE_IDENTIFIER = ShionNakamura.PFCTrackerTests;
				PRODUCT_NAME = "$(TARGET_NAME)";
				SWIFT_EMIT_LOC_STRINGS = NO;
				SWIFT_VERSION = 5.0;
				TARGETED_DEVICE_FAMILY = "1,2";
				TEST_HOST = "$(BUILT_PRODUCTS_DIR)/PFCTracker.app/$(BUNDLE_EXECUTABLE_FOLDER_PATH)/PFCTracker";
			};
			name = Debug;
		};
		167D9AFB2D377A3000F8C882 /* Release */ = {
			isa = XCBuildConfiguration;
			buildSettings = {
				BUNDLE_LOADER = "$(TEST_HOST)";
				CODE_SIGN_STYLE = Automatic;
				CURRENT_PROJECT_VERSION = 1;
				DEVELOPMENT_TEAM = 55WCKK3Y95;
				GENERATE_INFOPLIST_FILE = YES;
				IPHONEOS_DEPLOYMENT_TARGET = 18.1;
				MARKETING_VERSION = 1.0;
				PRODUCT_BUNDLE_IDENTIFIER = ShionNakamura.PFCTrackerTests;
				PRODUCT_NAME = "$(TARGET_NAME)";
				SWIFT_EMIT_LOC_STRINGS = NO;
				SWIFT_VERSION = 5.0;
				TARGETED_DEVICE_FAMILY = "1,2";
				TEST_HOST = "$(BUILT_PRODUCTS_DIR)/PFCTracker.app/$(BUNDLE_EXECUTABLE_FOLDER_PATH)/PFCTracker";
			};
			name = Release;
		};
		167D9AFD2D377A3000F8C882 /* Debug */ = {
			isa = XCBuildConfiguration;
			buildSettings = {
				CODE_SIGN_STYLE = Automatic;
				CURRENT_PROJECT_VERSION = 1;
				DEVELOPMENT_TEAM = 55WCKK3Y95;
				GENERATE_INFOPLIST_FILE = YES;
				MARKETING_VERSION = 1.0;
				PRODUCT_BUNDLE_IDENTIFIER = ShionNakamura.PFCTrackerUITests;
				PRODUCT_NAME = "$(TARGET_NAME)";
				SWIFT_EMIT_LOC_STRINGS = NO;
				SWIFT_VERSION = 5.0;
				TARGETED_DEVICE_FAMILY = "1,2";
				TEST_TARGET_NAME = PFCTracker;
			};
			name = Debug;
		};
		167D9AFE2D377A3000F8C882 /* Release */ = {
			isa = XCBuildConfiguration;
			buildSettings = {
				CODE_SIGN_STYLE = Automatic;
				CURRENT_PROJECT_VERSION = 1;
				DEVELOPMENT_TEAM = 55WCKK3Y95;
				GENERATE_INFOPLIST_FILE = YES;
				MARKETING_VERSION = 1.0;
				PRODUCT_BUNDLE_IDENTIFIER = ShionNakamura.PFCTrackerUITests;
				PRODUCT_NAME = "$(TARGET_NAME)";
				SWIFT_EMIT_LOC_STRINGS = NO;
				SWIFT_VERSION = 5.0;
				TARGETED_DEVICE_FAMILY = "1,2";
				TEST_TARGET_NAME = PFCTracker;
			};
			name = Release;
		};
/* End XCBuildConfiguration section */

/* Begin XCConfigurationList section */
		167D9ACD2D377A2C00F8C882 /* Build configuration list for PBXProject "PFCTracker" */ = {
			isa = XCConfigurationList;
			buildConfigurations = (
				167D9AF42D377A3000F8C882 /* Debug */,
				167D9AF52D377A3000F8C882 /* Release */,
			);
			defaultConfigurationIsVisible = 0;
			defaultConfigurationName = Release;
		};
		167D9AF62D377A3000F8C882 /* Build configuration list for PBXNativeTarget "PFCTracker" */ = {
			isa = XCConfigurationList;
			buildConfigurations = (
				167D9AF72D377A3000F8C882 /* Debug */,
				167D9AF82D377A3000F8C882 /* Release */,
			);
			defaultConfigurationIsVisible = 0;
			defaultConfigurationName = Release;
		};
		167D9AF92D377A3000F8C882 /* Build configuration list for PBXNativeTarget "PFCTrackerTests" */ = {
			isa = XCConfigurationList;
			buildConfigurations = (
				167D9AFA2D377A3000F8C882 /* Debug */,
				167D9AFB2D377A3000F8C882 /* Release */,
			);
			defaultConfigurationIsVisible = 0;
			defaultConfigurationName = Release;
		};
		167D9AFC2D377A3000F8C882 /* Build configuration list for PBXNativeTarget "PFCTrackerUITests" */ = {
			isa = XCConfigurationList;
			buildConfigurations = (
				167D9AFD2D377A3000F8C882 /* Debug */,
				167D9AFE2D377A3000F8C882 /* Release */,
			);
			defaultConfigurationIsVisible = 0;
			defaultConfigurationName = Release;
		};
/* End XCConfigurationList section */
	};
	rootObject = 167D9ACA2D377A2C00F8C882 /* Project object */;
}
